
Microsoft Visual Studio Solution File, Format Version 12.00
# Visual Studio Version 16
VisualStudioVersion = 16.0.29519.181
MinimumVisualStudioVersion = 10.0.40219.1
Project("{9A19103F-16F7-4668-BE54-9A1E7A4F7556}") = "Library", "Library.csproj", "{0C5DD90B-6A9B-4A42-B26B-0B42C74CF767}"
EndProject
Global
	GlobalSection(SolutionConfigurationPlatforms) = preSolution
		Debug|Any CPU = Debug|Any CPU
		Release|Any CPU = Release|Any CPU
	EndGlobalSection
	GlobalSection(ProjectConfigurationPlatforms) = postSolution
		{0C5DD90B-6A9B-4A42-B26B-0B42C74CF767}.Debug|Any CPU.ActiveCfg = Debug|Any CPU
		{0C5DD90B-6A9B-4A42-B26B-0B42C74CF767}.Debug|Any CPU.Build.0 = Debug|Any CPU
		{0C5DD90B-6A9B-4A42-B26B-0B42C74CF767}.Release|Any CPU.ActiveCfg = Release|Any CPU
		{0C5DD90B-6A9B-4A42-B26B-0B42C74CF767}.Release|Any CPU.Build.0 = Release|Any CPU
	EndGlobalSection
	GlobalSection(SolutionProperties) = preSolution
		HideSolutionNode = FALSE
	EndGlobalSection
	GlobalSection(ExtensibilityGlobals) = postSolution
		SolutionGuid = {552B9620-130F-4306-AB5B-9005448F9008}
	EndGlobalSection
EndGlobal
